
Microsoft Visual Studio Solution File, Format Version 12.00
# Visual Studio 2012
Project("{FAE04EC0-301F-11D3-BF4B-00C04F79EFBC}") = "MailChimpApi", "MailChimpApi\MailChimpApi.csproj", "{A98682B5-62AD-476A-A03C-1CD1284B4AB0}"
EndProject
Project("{FAE04EC0-301F-11D3-BF4B-00C04F79EFBC}") = "Tests", "Tests\Tests.csproj", "{5FE50B7D-8065-408D-8E62-E5A011C65A7A}"
EndProject
Project("{2150E333-8FDC-42A3-9474-1A3956D46DE8}") = "Solution Items", "Solution Items", "{CDA6FB55-FBFF-4639-9824-FA8D87A75CBB}"
	ProjectSection(SolutionItems) = preProject
		README.md = README.md
	EndProjectSection
EndProject
Global
	GlobalSection(SolutionConfigurationPlatforms) = preSolution
		Debug|Any CPU = Debug|Any CPU
		Release|Any CPU = Release|Any CPU
	EndGlobalSection
	GlobalSection(ProjectConfigurationPlatforms) = postSolution
		{5FE50B7D-8065-408D-8E62-E5A011C65A7A}.Debug|Any CPU.ActiveCfg = Debug|Any CPU
		{5FE50B7D-8065-408D-8E62-E5A011C65A7A}.Debug|Any CPU.Build.0 = Debug|Any CPU
		{5FE50B7D-8065-408D-8E62-E5A011C65A7A}.Release|Any CPU.ActiveCfg = Release|Any CPU
		{5FE50B7D-8065-408D-8E62-E5A011C65A7A}.Release|Any CPU.Build.0 = Release|Any CPU
		{A98682B5-62AD-476A-A03C-1CD1284B4AB0}.Debug|Any CPU.ActiveCfg = Debug|Any CPU
		{A98682B5-62AD-476A-A03C-1CD1284B4AB0}.Debug|Any CPU.Build.0 = Debug|Any CPU
		{A98682B5-62AD-476A-A03C-1CD1284B4AB0}.Release|Any CPU.ActiveCfg = Release|Any CPU
		{A98682B5-62AD-476A-A03C-1CD1284B4AB0}.Release|Any CPU.Build.0 = Release|Any CPU
	EndGlobalSection
	GlobalSection(SolutionProperties) = preSolution
		HideSolutionNode = FALSE
	EndGlobalSection
EndGlobal
